
Microsoft Visual Studio Solution File, Format Version 12.00
# Visual Studio Version 16
VisualStudioVersion = 16.0.29709.97
MinimumVisualStudioVersion = 10.0.40219.1
Project("{FAE04EC0-301F-11D3-BF4B-00C04F79EFBC}") = "ChitinWPFClient", "Chitin\ChitinWPFClient.csproj", "{C2484304-4B11-492C-A031-B2B25EEDA174}"
EndProject
Project("{FAE04EC0-301F-11D3-BF4B-00C04F79EFBC}") = "ChitinLib", "ChitinLib\ChitinLib.csproj", "{77A11C92-0483-44D0-93E2-9154ECFAF5B5}"
EndProject
Global
	GlobalSection(SolutionConfigurationPlatforms) = preSolution
		Debug|Any CPU = Debug|Any CPU
		Release|Any CPU = Release|Any CPU
	EndGlobalSection
	GlobalSection(ProjectConfigurationPlatforms) = postSolution
		{C2484304-4B11-492C-A031-B2B25EEDA174}.Debug|Any CPU.ActiveCfg = Debug|Any CPU
		{C2484304-4B11-492C-A031-B2B25EEDA174}.Debug|Any CPU.Build.0 = Debug|Any CPU
		{C2484304-4B11-492C-A031-B2B25EEDA174}.Release|Any CPU.ActiveCfg = Release|Any CPU
		{C2484304-4B11-492C-A031-B2B25EEDA174}.Release|Any CPU.Build.0 = Release|Any CPU
		{77A11C92-0483-44D0-93E2-9154ECFAF5B5}.Debug|Any CPU.ActiveCfg = Debug|Any CPU
		{77A11C92-0483-44D0-93E2-9154ECFAF5B5}.Debug|Any CPU.Build.0 = Debug|Any CPU
		{77A11C92-0483-44D0-93E2-9154ECFAF5B5}.Release|Any CPU.ActiveCfg = Release|Any CPU
		{77A11C92-0483-44D0-93E2-9154ECFAF5B5}.Release|Any CPU.Build.0 = Release|Any CPU
	EndGlobalSection
	GlobalSection(SolutionProperties) = preSolution
		HideSolutionNode = FALSE
	EndGlobalSection
	GlobalSection(ExtensibilityGlobals) = postSolution
		SolutionGuid = {EDC16834-C507-4F00-909F-70E3FA0479A3}
	EndGlobalSection
EndGlobal
